
Microsoft Visual Studio Solution File, Format Version 12.00
# Visual Studio Version 17
VisualStudioVersion = 17.0.31903.59
MinimumVisualStudioVersion = 10.0.40219.1
Project("{FAE04EC0-301F-11D3-BF4B-00C04F79EFBC}") = "AutoCRUD", "AutoCRUD\AutoCRUD.csproj", "{0CB4CDE9-3BDF-431E-93D4-B1EB4F875884}"
EndProject
Project("{FAE04EC0-301F-11D3-BF4B-00C04F79EFBC}") = "Tests", "Tests\Tests.csproj", "{EC36C014-66E0-4EE2-97FF-D1E2EFC8D6FC}"
EndProject
Global
	GlobalSection(SolutionConfigurationPlatforms) = preSolution
		Debug|Any CPU = Debug|Any CPU
		Release|Any CPU = Release|Any CPU
	EndGlobalSection
	GlobalSection(SolutionProperties) = preSolution
		HideSolutionNode = FALSE
	EndGlobalSection
	GlobalSection(ProjectConfigurationPlatforms) = postSolution
		{0CB4CDE9-3BDF-431E-93D4-B1EB4F875884}.Debug|Any CPU.ActiveCfg = Debug|Any CPU
		{0CB4CDE9-3BDF-431E-93D4-B1EB4F875884}.Debug|Any CPU.Build.0 = Debug|Any CPU
		{0CB4CDE9-3BDF-431E-93D4-B1EB4F875884}.Release|Any CPU.ActiveCfg = Release|Any CPU
		{0CB4CDE9-3BDF-431E-93D4-B1EB4F875884}.Release|Any CPU.Build.0 = Release|Any CPU
		{EC36C014-66E0-4EE2-97FF-D1E2EFC8D6FC}.Debug|Any CPU.ActiveCfg = Debug|Any CPU
		{EC36C014-66E0-4EE2-97FF-D1E2EFC8D6FC}.Debug|Any CPU.Build.0 = Debug|Any CPU
		{EC36C014-66E0-4EE2-97FF-D1E2EFC8D6FC}.Release|Any CPU.ActiveCfg = Release|Any CPU
		{EC36C014-66E0-4EE2-97FF-D1E2EFC8D6FC}.Release|Any CPU.Build.0 = Release|Any CPU
	EndGlobalSection
EndGlobal
